
Microsoft Visual Studio Solution File, Format Version 12.00
# Visual Studio Version 16
VisualStudioVersion = 16.0.31105.61
MinimumVisualStudioVersion = 10.0.40219.1
Project("{FAE04EC0-301F-11D3-BF4B-00C04F79EFBC}") = "FileDupeChecker.UI", "FileDupeChecker\FileDupeChecker.UI.csproj", "{A71D7E83-815A-4FF6-9A28-1109478F86B8}"
EndProject
Project("{FAE04EC0-301F-11D3-BF4B-00C04F79EFBC}") = "FileDupeChecker", "FileDupeChecker\FileDupeChecker.csproj", "{AA4A7B5C-0971-4440-802B-E5B1E6BEA8D4}"
EndProject
Global
	GlobalSection(SolutionConfigurationPlatforms) = preSolution
		Debug|Any CPU = Debug|Any CPU
		Release|Any CPU = Release|Any CPU
	EndGlobalSection
	GlobalSection(ProjectConfigurationPlatforms) = postSolution
		{A71D7E83-815A-4FF6-9A28-1109478F86B8}.Debug|Any CPU.ActiveCfg = Debug|Any CPU
		{A71D7E83-815A-4FF6-9A28-1109478F86B8}.Debug|Any CPU.Build.0 = Debug|Any CPU
		{A71D7E83-815A-4FF6-9A28-1109478F86B8}.Release|Any CPU.ActiveCfg = Release|Any CPU
		{A71D7E83-815A-4FF6-9A28-1109478F86B8}.Release|Any CPU.Build.0 = Release|Any CPU
		{AA4A7B5C-0971-4440-802B-E5B1E6BEA8D4}.Debug|Any CPU.ActiveCfg = Debug|Any CPU
		{AA4A7B5C-0971-4440-802B-E5B1E6BEA8D4}.Debug|Any CPU.Build.0 = Debug|Any CPU
		{AA4A7B5C-0971-4440-802B-E5B1E6BEA8D4}.Release|Any CPU.ActiveCfg = Release|Any CPU
		{AA4A7B5C-0971-4440-802B-E5B1E6BEA8D4}.Release|Any CPU.Build.0 = Release|Any CPU
	EndGlobalSection
	GlobalSection(SolutionProperties) = preSolution
		HideSolutionNode = FALSE
	EndGlobalSection
	GlobalSection(ExtensibilityGlobals) = postSolution
		SolutionGuid = {DB98200F-7F49-469C-A53E-99F5C8378049}
	EndGlobalSection
EndGlobal
